
Microsoft Visual Studio Solution File, Format Version 12.00
# Visual Studio Version 17
VisualStudioVersion = 17.11.35327.3
MinimumVisualStudioVersion = 10.0.40219.1
Project("{8BC9CEB8-8B4A-11D0-8D11-00A0C91BC942}") = "task_3", "task_3\task_3.vcxproj", "{AC2A2EEF-6AE9-4E37-AEBC-4CDE822EFF06}"
EndProject
Global
	GlobalSection(SolutionConfigurationPlatforms) = preSolution
		Debug|x64 = Debug|x64
		Debug|x86 = Debug|x86
		Release|x64 = Release|x64
		Release|x86 = Release|x86
	EndGlobalSection
	GlobalSection(ProjectConfigurationPlatforms) = postSolution
		{AC2A2EEF-6AE9-4E37-AEBC-4CDE822EFF06}.Debug|x64.ActiveCfg = Debug|x64
		{AC2A2EEF-6AE9-4E37-AEBC-4CDE822EFF06}.Debug|x64.Build.0 = Debug|x64
		{AC2A2EEF-6AE9-4E37-AEBC-4CDE822EFF06}.Debug|x86.ActiveCfg = Debug|Win32
		{AC2A2EEF-6AE9-4E37-AEBC-4CDE822EFF06}.Debug|x86.Build.0 = Debug|Win32
		{AC2A2EEF-6AE9-4E37-AEBC-4CDE822EFF06}.Release|x64.ActiveCfg = Release|x64
		{AC2A2EEF-6AE9-4E37-AEBC-4CDE822EFF06}.Release|x64.Build.0 = Release|x64
		{AC2A2EEF-6AE9-4E37-AEBC-4CDE822EFF06}.Release|x86.ActiveCfg = Release|Win32
		{AC2A2EEF-6AE9-4E37-AEBC-4CDE822EFF06}.Release|x86.Build.0 = Release|Win32
	EndGlobalSection
	GlobalSection(SolutionProperties) = preSolution
		HideSolutionNode = FALSE
	EndGlobalSection
	GlobalSection(ExtensibilityGlobals) = postSolution
		SolutionGuid = {B38091C7-7091-4486-A67A-E075A099F014}
	EndGlobalSection
EndGlobal
