
Microsoft Visual Studio Solution File, Format Version 12.00
# Visual Studio Version 17
VisualStudioVersion = 17.7.34024.191
MinimumVisualStudioVersion = 10.0.40219.1
Project("{8BC9CEB8-8B4A-11D0-8D11-00A0C91BC942}") = "tack_5", "tack_5\tack_5.vcxproj", "{FFB2D34F-C3BE-4FB7-9B0F-4A46E092C88B}"
EndProject
Global
	GlobalSection(SolutionConfigurationPlatforms) = preSolution
		Debug|x64 = Debug|x64
		Debug|x86 = Debug|x86
		Release|x64 = Release|x64
		Release|x86 = Release|x86
	EndGlobalSection
	GlobalSection(ProjectConfigurationPlatforms) = postSolution
		{FFB2D34F-C3BE-4FB7-9B0F-4A46E092C88B}.Debug|x64.ActiveCfg = Debug|x64
		{FFB2D34F-C3BE-4FB7-9B0F-4A46E092C88B}.Debug|x64.Build.0 = Debug|x64
		{FFB2D34F-C3BE-4FB7-9B0F-4A46E092C88B}.Debug|x86.ActiveCfg = Debug|Win32
		{FFB2D34F-C3BE-4FB7-9B0F-4A46E092C88B}.Debug|x86.Build.0 = Debug|Win32
		{FFB2D34F-C3BE-4FB7-9B0F-4A46E092C88B}.Release|x64.ActiveCfg = Release|x64
		{FFB2D34F-C3BE-4FB7-9B0F-4A46E092C88B}.Release|x64.Build.0 = Release|x64
		{FFB2D34F-C3BE-4FB7-9B0F-4A46E092C88B}.Release|x86.ActiveCfg = Release|Win32
		{FFB2D34F-C3BE-4FB7-9B0F-4A46E092C88B}.Release|x86.Build.0 = Release|Win32
	EndGlobalSection
	GlobalSection(SolutionProperties) = preSolution
		HideSolutionNode = FALSE
	EndGlobalSection
	GlobalSection(ExtensibilityGlobals) = postSolution
		SolutionGuid = {B57A00EC-37B3-401F-B9E0-E64BD62D06E2}
	EndGlobalSection
EndGlobal
